{
  "originHash" : "7c6dc8c45a27fd6e0642c2bfece3fbee90c295adaa4c617a71e31538628a9d04",
  "pins" : [
    {
      "identity" : "rearrange",
      "kind" : "remoteSourceControl",
      "location" : "https://github.com/ChimeHQ/Rearrange",
      "state" : {
        "revision" : "4de8be41dba304192e87dc0a11e0aa39e72aa2e8",
        "version" : "2.1.1"
      }
    },
    {
      "identity" : "swift-collections",
      "kind" : "remoteSourceControl",
      "location" : "https://github.com/apple/swift-collections.git",
      "state" : {
        "revision" : "a0cb0954ecb21e4e31b0070e6ed5674e8556685a",
        "version" : "1.6.0"
      }
    },
    {
      "identity" : "textstory",
      "kind" : "remoteSourceControl",
      "location" : "https://github.com/ChimeHQ/TextStory",
      "state" : {
        "revision" : "a52db1a2eca74d37c8c19bf3165416941632ed45",
        "version" : "0.9.2"
      }
    }
  ],
  "version" : 3
}
